<?xml version="1.0" encoding="utf-8"?>
<Project ToolsVersion="4.0" xmlns="http://schemas.microsoft.com/developer/msbuild/2003">
  <ItemGroup>
    <ClCompile Include="ButtonTexture.cpp" />
    <ClCompile Include="Engine\DataManagement\AssetLoader.cpp" />
    <ClCompile Include="Engine\DataManagement\FontLoader.cpp" />
    <ClCompile Include="Engine\DataManagement\JsonFacade.cpp" />
    <ClCompile Include="Engine\DataManagement\JsonHandler.cpp" />
    <ClCompile Include="Engine\DataManagement\JsonObject.cpp" />
    <ClCompile Include="Engine\DataManagement\JsonReader.cpp" />
    <ClCompile Include="Engine\DataManagement\JsonWriter.cpp" />
    <ClCompile Include="Engine\DataManagement\KKCReader.cpp" />
    <ClCompile Include="Engine\DataManagement\TextFileReadWrite.cpp" />
    <ClCompile Include="Engine\Graphics\Images\Animation.cpp" />
    <ClCompile Include="Engine\Inventory\Effects\Examples\DamageBuffEffect.cpp" />
    <ClCompile Include="Engine\Graphics\Images\Image.cpp" />
    <ClCompile Include="Engine\Graphics\Renderer\Renderer.cpp" />
    <ClCompile Include="Engine\Graphics\Renderer\SDLSetup.cpp" />
    <ClCompile Include="Engine\Inventory\Inventory.cpp" />
    <ClCompile Include="Engine\Inventory\ItemSystem\Consumable.cpp" />
    <ClCompile Include="Engine\Inventory\ItemSystem\Equippable.cpp" />
    <ClCompile Include="Engine\Inventory\ItemSystem\Item.cpp" />
    <ClCompile Include="Engine\Inventory\ItemSystem\Switchable.cpp" />
    <ClCompile Include="Engine\Inventory\ItemSystem\UsableItem.cpp" />
    <ClCompile Include="Engine\Inventory\LootableInventory.cpp" />
    <ClCompile Include="Engine\Inventory\PlayerInventory.cpp" />
    <ClCompile Include="Engine\Level\Level.cpp" />
    <ClCompile Include="Engine\Level\Tile.cpp" />
    <ClCompile Include="Engine\Level\TileBase.cpp" />
    <ClCompile Include="Engine\Source.cpp" />
    <ClCompile Include="Engine\Inventory\Effects\Examples\StaminaEffect.cpp" />
    <ClCompile Include="Engine\Inventory\Effects\Examples\HealthEffect.cpp" />
    <ClCompile Include="Engine\Inventory\ShopInventory.cpp" />
    <ClCompile Include="Engine\Inventory\ItemSystem\MoneyItem.cpp" />
    <ClCompile Include="Engine\Inventory\ItemSystem\ItemDatabase.cpp" />
    <ClCompile Include="Engine\System\Time.cpp" />
    <ClCompile Include="Engine\UI\SampleUI.cpp" />
    <ClCompile Include="Engine\UI\UIBase.cpp" />
    <ClCompile Include="Engine\UI\UIBox.cpp" />
    <ClCompile Include="Engine\UI\UIBuilder.cpp" />
    <ClCompile Include="Engine\UI\UIBuilderFactory.cpp" />
    <ClCompile Include="Engine\UI\UIElement.cpp" />
    <ClCompile Include="Engine\WorldObject\WorldActor.cpp" />
    <ClCompile Include="Engine\WorldObject\WorldObject.cpp" />
    <ClCompile Include="Engine\Inventory\Tests\Joe\MoneyCountTest.cpp" />
    <ClCompile Include="Engine\Inventory\Tests\Joe\ShopInventoryTests.cpp" />
    <ClCompile Include="ImageBox.cpp" />
    <ClCompile Include="Label.cpp" />
    <ClCompile Include="Engine\Inventory\InventoryUI.cpp" />
    <ClCompile Include="Engine\System\Camera.cpp" />
  </ItemGroup>
  <ItemGroup>
    <ClInclude Include="ButtonTexture.h" />
    <ClInclude Include="Engine\DataManagement\AssetLoader.h" />
    <ClInclude Include="Engine\DataManagement\FontLoader.h" />
    <ClInclude Include="Engine\DataManagement\JsonArray.h" />
    <ClInclude Include="Engine\DataManagement\JsonBase.h" />
    <ClInclude Include="Engine\DataManagement\JsonFacade.h" />
    <ClInclude Include="Engine\DataManagement\JsonHandler.h" />
    <ClInclude Include="Engine\DataManagement\JsonObject.h" />
    <ClInclude Include="Engine\DataManagement\JsonReader.h" />
    <ClInclude Include="Engine\DataManagement\JsonValue.h" />
    <ClInclude Include="Engine\DataManagement\JsonWriter.h" />
    <ClInclude Include="Engine\DataManagement\KKCReader.h" />
    <ClInclude Include="Engine\DataManagement\TextFileReadWrite.h" />
    <ClInclude Include="Engine\Graphics\Images\Animation.h" />
    <ClInclude Include="Engine\Inventory\Effects\Examples\DamageBuffEffect.h" />
    <ClInclude Include="Engine\Inventory\Effects\Effect.h" />
    <ClInclude Include="Engine\Graphics\Colour.h" />
    <ClInclude Include="Engine\Graphics\Images\Image.h" />
    <ClInclude Include="Engine\Graphics\Renderer\Renderer.h" />
    <ClInclude Include="Engine\Graphics\Renderer\SDLSetup.h" />
    <ClInclude Include="Engine\Inventory\Effects\Examples\StaminaEffect.h" />
    <ClInclude Include="Engine\Inventory\Effects\Examples\HealthEffect.h" />
    <ClInclude Include="Engine\Inventory\Inventory.h" />
    <ClInclude Include="Engine\Inventory\ItemSystem\Consumable.h" />
    <ClInclude Include="Engine\Inventory\ItemSystem\EquipmentSlots.h" />
    <ClInclude Include="Engine\Inventory\ItemSystem\Equippable.h" />
    <ClInclude Include="Engine\Inventory\ItemSystem\Item.h" />
    <ClInclude Include="Engine\Inventory\ItemSystem\Switchable.h" />
    <ClInclude Include="Engine\Inventory\ItemSystem\UsableItem.h" />
    <ClInclude Include="Engine\Inventory\LootableInventory.h" />
    <ClInclude Include="Engine\Inventory\PlayerInventory.h" />
    <ClInclude Include="Engine\Inventory\ShopInventory.h" />
    <ClInclude Include="Engine\Inventory\ItemSystem\MoneyItem.h" />
    <ClInclude Include="Engine\Inventory\ItemSystem\ItemDatabase.h" />
    <ClInclude Include="Engine\Level\Level.h" />
    <ClInclude Include="Engine\Level\Tile.h" />
    <ClInclude Include="Engine\Level\TileBase.h" />
    <ClInclude Include="Engine\WorldObject\WorldActor.h" />
    <ClInclude Include="Engine\WorldObject\WorldObject.h" />
    <ClInclude Include="Engine\Inventory\Tests\Joe\MoneyCountTest.h" />
    <ClInclude Include="Engine\Inventory\Tests\Joe\ShopInventoryTests.h" />
    <ClInclude Include="Engine\UI\AnchorTypes.h" />
    <ClInclude Include="Engine\UI\SampleUI.h" />
    <ClInclude Include="Engine\UI\UIBase.h" />
    <ClInclude Include="Engine\UI\UIBox.h" />
    <ClInclude Include="Engine\UI\UIBuilder.h" />
    <ClInclude Include="Engine\UI\UIBuilderFactory.h" />
    <ClInclude Include="Engine\UI\UIElement.h" />
    <ClInclude Include="ImageBox.h" />
    <ClInclude Include="Label.h" />
    <ClInclude Include="Engine\Inventory\InventoryUI.h" />
    <ClInclude Include="Engine\System\Camera.h" />
  </ItemGroup>
  <ItemGroup>
    <None Include="ClassDiagram.cd" />
    <None Include="ClassDiagram1.cd" />
    <None Include="Engine\DataManagement\Fruits.json" />
  </ItemGroup>
</Project>